
Microsoft Visual Studio Solution File, Format Version 12.00
# Visual Studio 15
VisualStudioVersion = 15.0.27004.2009
MinimumVisualStudioVersion = 10.0.40219.1
Project("{FAE04EC0-301F-11D3-BF4B-00C04F79EFBC}") = "HCI2-ComputerCenter", "HCI2-ComputerCenter\HCI2-ComputerCenter.csproj", "{B539CF9E-5C42-4B37-B843-2A8747D9D8D9}"
EndProject
Global
	GlobalSection(SolutionConfigurationPlatforms) = preSolution
		Debug|Any CPU = Debug|Any CPU
		Release|Any CPU = Release|Any CPU
	EndGlobalSection
	GlobalSection(ProjectConfigurationPlatforms) = postSolution
		{B539CF9E-5C42-4B37-B843-2A8747D9D8D9}.Debug|Any CPU.ActiveCfg = Debug|Any CPU
		{B539CF9E-5C42-4B37-B843-2A8747D9D8D9}.Debug|Any CPU.Build.0 = Debug|Any CPU
		{B539CF9E-5C42-4B37-B843-2A8747D9D8D9}.Release|Any CPU.ActiveCfg = Release|Any CPU
		{B539CF9E-5C42-4B37-B843-2A8747D9D8D9}.Release|Any CPU.Build.0 = Release|Any CPU
	EndGlobalSection
	GlobalSection(SolutionProperties) = preSolution
		HideSolutionNode = FALSE
	EndGlobalSection
	GlobalSection(ExtensibilityGlobals) = postSolution
		SolutionGuid = {E460FA64-F8C5-41A9-8EE6-A1748F30B79F}
	EndGlobalSection
EndGlobal
